
Microsoft Visual Studio Solution File, Format Version 12.00
# Visual Studio Version 16
VisualStudioVersion = 16.0.30002.166
MinimumVisualStudioVersion = 10.0.40219.1
Project("{FAE04EC0-301F-11D3-BF4B-00C04F79EFBC}") = "Tema3", "Tema3\Tema3.csproj", "{A43A3521-0EE7-4357-BAF1-0BD0A399EDCE}"
EndProject
Global
	GlobalSection(SolutionConfigurationPlatforms) = preSolution
		Debug|Any CPU = Debug|Any CPU
		Release|Any CPU = Release|Any CPU
	EndGlobalSection
	GlobalSection(ProjectConfigurationPlatforms) = postSolution
		{A43A3521-0EE7-4357-BAF1-0BD0A399EDCE}.Debug|Any CPU.ActiveCfg = Debug|Any CPU
		{A43A3521-0EE7-4357-BAF1-0BD0A399EDCE}.Debug|Any CPU.Build.0 = Debug|Any CPU
		{A43A3521-0EE7-4357-BAF1-0BD0A399EDCE}.Release|Any CPU.ActiveCfg = Release|Any CPU
		{A43A3521-0EE7-4357-BAF1-0BD0A399EDCE}.Release|Any CPU.Build.0 = Release|Any CPU
	EndGlobalSection
	GlobalSection(SolutionProperties) = preSolution
		HideSolutionNode = FALSE
	EndGlobalSection
	GlobalSection(ExtensibilityGlobals) = postSolution
		SolutionGuid = {BC5B1817-B345-493E-A973-A9E025C0F86E}
	EndGlobalSection
EndGlobal
